{
  "name": "configstore-analysis",
  "version": "1.0.0",
  "lockfileVersion": 2,
  "requires": true,
  "packages": {
    "": {
      "version": "1.0.0",
      "license": "ISC",
      "dependencies": {
        "dot-prop": "^7.1.1",
        "unique-string": "^3.0.0",
        "write-file-atomic": "^4.0.0"
      }
    },
    "node_modules/crypto-random-string": {
      "version": "4.0.0",
      "resolved": "http://npm.qixin007.com/crypto-random-string/-/crypto-random-string-4.0.0.tgz",
      "integrity": "sha1-WjzFPX3YYYPfXaAxKBbO7rW7H8I=",
      "license": "MIT",
      "dependencies": {
        "type-fest": "^1.0.1"
      },
      "engines": {
        "node": ">=12"
      },
      "funding": {
        "url": "https://github.com/sponsors/sindresorhus"
      }
    },
    "node_modules/crypto-random-string/node_modules/type-fest": {
      "version": "1.4.0",
      "resolved": "http://npm.qixin007.com/type-fest/-/type-fest-1.4.0.tgz",
      "integrity": "sha1-6fuBP+O/F0TsNZ1V0a/++nbxS+E=",
      "license": "(MIT OR CC0-1.0)",
      "engines": {
        "node": ">=10"
      },
      "funding": {
        "url": "https://github.com/sponsors/sindresorhus"
      }
    },
    "node_modules/dot-prop": {
      "version": "7.1.1",
      "resolved": "http://npm.qixin007.com/dot-prop/-/dot-prop-7.1.1.tgz",
      "integrity": "sha512-1Rux9sph1ofNp/Bi3+zzW7XGz7Kbz+GJMKw8ncks+zS9o/zQ/+xs1livKWfQcBLYYZjEpbpzf3RrIecwb5afFQ==",
      "license": "MIT",
      "dependencies": {
        "type-fest": "^2.10.0"
      },
      "engines": {
        "node": "^12.20.0 || ^14.13.1 || >=16.0.0"
      },
      "funding": {
        "url": "https://github.com/sponsors/sindresorhus"
      }
    },
    "node_modules/imurmurhash": {
      "version": "0.1.4",
      "resolved": "http://npm.qixin007.com/imurmurhash/-/imurmurhash-0.1.4.tgz",
      "integrity": "sha1-khi5srkoojixPcT7a21XbyMUU+o=",
      "license": "MIT",
      "engines": {
        "node": ">=0.8.19"
      }
    },
    "node_modules/is-typedarray": {
      "version": "1.0.0",
      "resolved": "http://npm.qixin007.com/is-typedarray/-/is-typedarray-1.0.0.tgz",
      "integrity": "sha1-5HnICFjfDBsR3dppQPlgEfzaSpo=",
      "license": "MIT"
    },
    "node_modules/signal-exit": {
      "version": "3.0.7",
      "resolved": "http://npm.qixin007.com/signal-exit/-/signal-exit-3.0.7.tgz",
      "integrity": "sha512-wnD2ZE+l+SPC/uoS0vXeE9L1+0wuaMqKlfz9AMUo38JsyLSBWSFcHR1Rri62LZc12vLr1gb3jl7iwQhgwpAbGQ=="
    },
    "node_modules/type-fest": {
      "version": "2.11.2",
      "resolved": "http://npm.qixin007.com/type-fest/-/type-fest-2.11.2.tgz",
      "integrity": "sha512-reW2Y2Mpn0QNA/5fvtm5doROLwDPu2zOm5RtY7xQQS05Q7xgC8MOZ3yPNaP9m/s/sNjjFQtHo7VCNqYW2iI+Ig==",
      "license": "(MIT OR CC0-1.0)",
      "engines": {
        "node": ">=12.20"
      },
      "funding": {
        "url": "https://github.com/sponsors/sindresorhus"
      }
    },
    "node_modules/typedarray-to-buffer": {
      "version": "4.0.0",
      "resolved": "http://npm.qixin007.com/typedarray-to-buffer/-/typedarray-to-buffer-4.0.0.tgz",
      "integrity": "sha1-zdKTPGHdP18C7aXQEtRB+Vv+tQo=",
      "funding": [
        {
          "type": "github",
          "url": "https://github.com/sponsors/feross"
        },
        {
          "type": "patreon",
          "url": "https://www.patreon.com/feross"
        },
        {
          "type": "consulting",
          "url": "https://feross.org/support"
        }
      ],
      "license": "MIT"
    },
    "node_modules/unique-string": {
      "version": "3.0.0",
      "resolved": "http://npm.qixin007.com/unique-string/-/unique-string-3.0.0.tgz",
      "integrity": "sha1-hKHDd6/1/XqLxrVdgkSyvZDXW5o=",
      "license": "MIT",
      "dependencies": {
        "crypto-random-string": "^4.0.0"
      },
      "engines": {
        "node": ">=12"
      },
      "funding": {
        "url": "https://github.com/sponsors/sindresorhus"
      }
    },
    "node_modules/write-file-atomic": {
      "version": "4.0.0",
      "resolved": "http://npm.qixin007.com/write-file-atomic/-/write-file-atomic-4.0.0.tgz",
      "integrity": "sha512-JhcWoKffJNF7ivO9yflBhc7tn3wKnokMUfWpBriM9yCXj4ePQnRPcWglBkkg1AHC8nsW/EfxwwhqsLtOy59djA==",
      "license": "ISC",
      "dependencies": {
        "imurmurhash": "^0.1.4",
        "is-typedarray": "^1.0.0",
        "signal-exit": "^3.0.2",
        "typedarray-to-buffer": "^4.0.0"
      },
      "engines": {
        "node": "^12.13.0 || ^14.15.0 || >=16"
      }
    }
  },
  "dependencies": {
    "crypto-random-string": {
      "version": "4.0.0",
      "resolved": "http://npm.qixin007.com/crypto-random-string/-/crypto-random-string-4.0.0.tgz",
      "integrity": "sha1-WjzFPX3YYYPfXaAxKBbO7rW7H8I=",
      "requires": {
        "type-fest": "^1.0.1"
      },
      "dependencies": {
        "type-fest": {
          "version": "1.4.0",
          "resolved": "http://npm.qixin007.com/type-fest/-/type-fest-1.4.0.tgz",
          "integrity": "sha1-6fuBP+O/F0TsNZ1V0a/++nbxS+E="
        }
      }
    },
    "dot-prop": {
      "version": "7.1.1",
      "resolved": "http://npm.qixin007.com/dot-prop/-/dot-prop-7.1.1.tgz",
      "integrity": "sha512-1Rux9sph1ofNp/Bi3+zzW7XGz7Kbz+GJMKw8ncks+zS9o/zQ/+xs1livKWfQcBLYYZjEpbpzf3RrIecwb5afFQ==",
      "requires": {
        "type-fest": "^2.10.0"
      }
    },
    "imurmurhash": {
      "version": "0.1.4",
      "resolved": "http://npm.qixin007.com/imurmurhash/-/imurmurhash-0.1.4.tgz",
      "integrity": "sha1-khi5srkoojixPcT7a21XbyMUU+o="
    },
    "is-typedarray": {
      "version": "1.0.0",
      "resolved": "http://npm.qixin007.com/is-typedarray/-/is-typedarray-1.0.0.tgz",
      "integrity": "sha1-5HnICFjfDBsR3dppQPlgEfzaSpo="
    },
    "signal-exit": {
      "version": "3.0.7",
      "resolved": "http://npm.qixin007.com/signal-exit/-/signal-exit-3.0.7.tgz",
      "integrity": "sha512-wnD2ZE+l+SPC/uoS0vXeE9L1+0wuaMqKlfz9AMUo38JsyLSBWSFcHR1Rri62LZc12vLr1gb3jl7iwQhgwpAbGQ=="
    },
    "type-fest": {
      "version": "2.11.2",
      "resolved": "http://npm.qixin007.com/type-fest/-/type-fest-2.11.2.tgz",
      "integrity": "sha512-reW2Y2Mpn0QNA/5fvtm5doROLwDPu2zOm5RtY7xQQS05Q7xgC8MOZ3yPNaP9m/s/sNjjFQtHo7VCNqYW2iI+Ig=="
    },
    "typedarray-to-buffer": {
      "version": "4.0.0",
      "resolved": "http://npm.qixin007.com/typedarray-to-buffer/-/typedarray-to-buffer-4.0.0.tgz",
      "integrity": "sha1-zdKTPGHdP18C7aXQEtRB+Vv+tQo="
    },
    "unique-string": {
      "version": "3.0.0",
      "resolved": "http://npm.qixin007.com/unique-string/-/unique-string-3.0.0.tgz",
      "integrity": "sha1-hKHDd6/1/XqLxrVdgkSyvZDXW5o=",
      "requires": {
        "crypto-random-string": "^4.0.0"
      }
    },
    "write-file-atomic": {
      "version": "4.0.0",
      "resolved": "http://npm.qixin007.com/write-file-atomic/-/write-file-atomic-4.0.0.tgz",
      "integrity": "sha512-JhcWoKffJNF7ivO9yflBhc7tn3wKnokMUfWpBriM9yCXj4ePQnRPcWglBkkg1AHC8nsW/EfxwwhqsLtOy59djA==",
      "requires": {
        "imurmurhash": "^0.1.4",
        "is-typedarray": "^1.0.0",
        "signal-exit": "^3.0.2",
        "typedarray-to-buffer": "^4.0.0"
      }
    }
  }
}
